
Microsoft Visual Studio Solution File, Format Version 12.00
# Visual Studio Version 16
VisualStudioVersion = 16.0.29806.167
MinimumVisualStudioVersion = 10.0.40219.1
Project("{9A19103F-16F7-4668-BE54-9A1E7A4F7556}") = "DotNetCoreReactREST", "DotNetCoreReactREST.csproj", "{14164204-0346-4115-8EA1-05BF1B09B24B}"
EndProject
Global
	GlobalSection(SolutionConfigurationPlatforms) = preSolution
		Debug|Any CPU = Debug|Any CPU
		Release|Any CPU = Release|Any CPU
	EndGlobalSection
	GlobalSection(ProjectConfigurationPlatforms) = postSolution
		{14164204-0346-4115-8EA1-05BF1B09B24B}.Debug|Any CPU.ActiveCfg = Debug|Any CPU
		{14164204-0346-4115-8EA1-05BF1B09B24B}.Debug|Any CPU.Build.0 = Debug|Any CPU
		{14164204-0346-4115-8EA1-05BF1B09B24B}.Release|Any CPU.ActiveCfg = Release|Any CPU
		{14164204-0346-4115-8EA1-05BF1B09B24B}.Release|Any CPU.Build.0 = Release|Any CPU
	EndGlobalSection
	GlobalSection(SolutionProperties) = preSolution
		HideSolutionNode = FALSE
	EndGlobalSection
	GlobalSection(ExtensibilityGlobals) = postSolution
		SolutionGuid = {B65E8925-EB77-4F1C-905B-CEC0B643CE60}
	EndGlobalSection
EndGlobal
